// !$*UTF8*$!
{
	archiveVersion = 1;
	classes = {
	};
	objectVersion = 56;
	objects = {

/* Begin PBXBuildFile section */
		CB0D8EA028E9742A00299BF4 /* ForecastView.swift in Sources */ = {isa = PBXBuildFile; fileRef = CB0D8E9F28E9742A00299BF4 /* ForecastView.swift */; };
		CB24131228EB843A007CCD13 /* CountriesCities.swift in Sources */ = {isa = PBXBuildFile; fileRef = CB24131128EB843A007CCD13 /* CountriesCities.swift */; };
		CB24131428EB84C5007CCD13 /* CountriesCities.Json in Resources */ = {isa = PBXBuildFile; fileRef = CB24131328EB84C5007CCD13 /* CountriesCities.Json */; };
		CB24131628EB8551007CCD13 /* JsonManager.swift in Sources */ = {isa = PBXBuildFile; fileRef = CB24131528EB8551007CCD13 /* JsonManager.swift */; };
		CB24132028EB9E40007CCD13 /* CoreDataManager.swift in Sources */ = {isa = PBXBuildFile; fileRef = CB24131F28EB9E40007CCD13 /* CoreDataManager.swift */; };
		CB24132328EBB82F007CCD13 /* Weather.xcdatamodeld in Sources */ = {isa = PBXBuildFile; fileRef = CB24132128EBB82F007CCD13 /* Weather.xcdatamodeld */; };
		CB24132828EBB97D007CCD13 /* City+CoreDataClass.swift in Sources */ = {isa = PBXBuildFile; fileRef = CB24132428EBB97D007CCD13 /* City+CoreDataClass.swift */; };
		CB24132A28EBB97D007CCD13 /* Country+CoreDataClass.swift in Sources */ = {isa = PBXBuildFile; fileRef = CB24132628EBB97D007CCD13 /* Country+CoreDataClass.swift */; };
		CB37576D28EA20B10066284E /* AsyncImageView.swift in Sources */ = {isa = PBXBuildFile; fileRef = CB37576C28EA20B10066284E /* AsyncImageView.swift */; };
		CB37576F28EA24F50066284E /* WeatherStruct.swift in Sources */ = {isa = PBXBuildFile; fileRef = CB37576E28EA24F50066284E /* WeatherStruct.swift */; };
		CBC3052128E8728700956E9A /* BackGroundView.swift in Sources */ = {isa = PBXBuildFile; fileRef = CBC3052028E8728700956E9A /* BackGroundView.swift */; };
		CBC3052328E87BF100956E9A /* ForecastWeather.swift in Sources */ = {isa = PBXBuildFile; fileRef = CBC3052228E87BF100956E9A /* ForecastWeather.swift */; };
		CBC3052B28E8878B00956E9A /* NetWorkManager.swift in Sources */ = {isa = PBXBuildFile; fileRef = CBC3052A28E8878B00956E9A /* NetWorkManager.swift */; };
		CBC3052D28E887BB00956E9A /* AppError.swift in Sources */ = {isa = PBXBuildFile; fileRef = CBC3052C28E887BB00956E9A /* AppError.swift */; };
		CBC3053328E89B1C00956E9A /* CurrentWeather.swift in Sources */ = {isa = PBXBuildFile; fileRef = CBC3053228E89B1C00956E9A /* CurrentWeather.swift */; };
		CBC3053728E911FB00956E9A /* CurrentWeatherView.swift in Sources */ = {isa = PBXBuildFile; fileRef = CBC3053628E911FB00956E9A /* CurrentWeatherView.swift */; };
		CBE7DF4528E85227000969AE /* WeatherApp.swift in Sources */ = {isa = PBXBuildFile; fileRef = CBE7DF4428E85227000969AE /* WeatherApp.swift */; };
		CBE7DF4928E85228000969AE /* Assets.xcassets in Resources */ = {isa = PBXBuildFile; fileRef = CBE7DF4828E85228000969AE /* Assets.xcassets */; };
		CBE7DF4C28E85228000969AE /* Preview Assets.xcassets in Resources */ = {isa = PBXBuildFile; fileRef = CBE7DF4B28E85228000969AE /* Preview Assets.xcassets */; };
		CBE7DF5828E853D2000969AE /* MainView.swift in Sources */ = {isa = PBXBuildFile; fileRef = CBE7DF5728E853D2000969AE /* MainView.swift */; };
		CBE7DF5A28E85D89000969AE /* DayView.swift in Sources */ = {isa = PBXBuildFile; fileRef = CBE7DF5928E85D89000969AE /* DayView.swift */; };
/* End PBXBuildFile section */

/* Begin PBXFileReference section */
		CB0D8E9F28E9742A00299BF4 /* ForecastView.swift */ = {isa = PBXFileReference; lastKnownFileType = sourcecode.swift; path = ForecastView.swift; sourceTree = "<group>"; };
		CB24131128EB843A007CCD13 /* CountriesCities.swift */ = {isa = PBXFileReference; lastKnownFileType = sourcecode.swift; path = CountriesCities.swift; sourceTree = "<group>"; };
		CB24131328EB84C5007CCD13 /* CountriesCities.Json */ = {isa = PBXFileReference; lastKnownFileType = text.json; path = CountriesCities.Json; sourceTree = "<group>"; };
		CB24131528EB8551007CCD13 /* JsonManager.swift */ = {isa = PBXFileReference; lastKnownFileType = sourcecode.swift; path = JsonManager.swift; sourceTree = "<group>"; };
		CB24131F28EB9E40007CCD13 /* CoreDataManager.swift */ = {isa = PBXFileReference; lastKnownFileType = sourcecode.swift; path = CoreDataManager.swift; sourceTree = "<group>"; };
		CB24132228EBB82F007CCD13 /* Weather.xcdatamodel */ = {isa = PBXFileReference; lastKnownFileType = wrapper.xcdatamodel; path = Weather.xcdatamodel; sourceTree = "<group>"; };
		CB24132428EBB97D007CCD13 /* City+CoreDataClass.swift */ = {isa = PBXFileReference; lastKnownFileType = sourcecode.swift; path = "City+CoreDataClass.swift"; sourceTree = SOURCE_ROOT; };
		CB24132628EBB97D007CCD13 /* Country+CoreDataClass.swift */ = {isa = PBXFileReference; lastKnownFileType = sourcecode.swift; path = "Country+CoreDataClass.swift"; sourceTree = SOURCE_ROOT; };
		CB37576C28EA20B10066284E /* AsyncImageView.swift */ = {isa = PBXFileReference; lastKnownFileType = sourcecode.swift; path = AsyncImageView.swift; sourceTree = "<group>"; };
		CB37576E28EA24F50066284E /* WeatherStruct.swift */ = {isa = PBXFileReference; lastKnownFileType = sourcecode.swift; path = WeatherStruct.swift; sourceTree = "<group>"; };
		CBC3052028E8728700956E9A /* BackGroundView.swift */ = {isa = PBXFileReference; lastKnownFileType = sourcecode.swift; path = BackGroundView.swift; sourceTree = "<group>"; };
		CBC3052228E87BF100956E9A /* ForecastWeather.swift */ = {isa = PBXFileReference; lastKnownFileType = sourcecode.swift; path = ForecastWeather.swift; sourceTree = "<group>"; };
		CBC3052A28E8878B00956E9A /* NetWorkManager.swift */ = {isa = PBXFileReference; fileEncoding = 4; lastKnownFileType = sourcecode.swift; path = NetWorkManager.swift; sourceTree = "<group>"; };
		CBC3052C28E887BB00956E9A /* AppError.swift */ = {isa = PBXFileReference; fileEncoding = 4; lastKnownFileType = sourcecode.swift; path = AppError.swift; sourceTree = "<group>"; };
		CBC3053228E89B1C00956E9A /* CurrentWeather.swift */ = {isa = PBXFileReference; lastKnownFileType = sourcecode.swift; path = CurrentWeather.swift; sourceTree = "<group>"; };
		CBC3053628E911FB00956E9A /* CurrentWeatherView.swift */ = {isa = PBXFileReference; lastKnownFileType = sourcecode.swift; path = CurrentWeatherView.swift; sourceTree = "<group>"; };
		CBE7DF4128E85227000969AE /* Weather.app */ = {isa = PBXFileReference; explicitFileType = wrapper.application; includeInIndex = 0; path = Weather.app; sourceTree = BUILT_PRODUCTS_DIR; };
		CBE7DF4428E85227000969AE /* WeatherApp.swift */ = {isa = PBXFileReference; lastKnownFileType = sourcecode.swift; path = WeatherApp.swift; sourceTree = "<group>"; };
		CBE7DF4828E85228000969AE /* Assets.xcassets */ = {isa = PBXFileReference; lastKnownFileType = folder.assetcatalog; path = Assets.xcassets; sourceTree = "<group>"; };
		CBE7DF4B28E85228000969AE /* Preview Assets.xcassets */ = {isa = PBXFileReference; lastKnownFileType = folder.assetcatalog; path = "Preview Assets.xcassets"; sourceTree = "<group>"; };
		CBE7DF5728E853D2000969AE /* MainView.swift */ = {isa = PBXFileReference; lastKnownFileType = sourcecode.swift; path = MainView.swift; sourceTree = "<group>"; };
		CBE7DF5928E85D89000969AE /* DayView.swift */ = {isa = PBXFileReference; lastKnownFileType = sourcecode.swift; path = DayView.swift; sourceTree = "<group>"; };
/* End PBXFileReference section */

/* Begin PBXFrameworksBuildPhase section */
		CBE7DF3E28E85227000969AE /* Frameworks */ = {
			isa = PBXFrameworksBuildPhase;
			buildActionMask = 2147483647;
			files = (
			);
			runOnlyForDeploymentPostprocessing = 0;
		};
/* End PBXFrameworksBuildPhase section */

/* Begin PBXGroup section */
		CB0D8EA128E9749100299BF4 /* Forecast */ = {
			isa = PBXGroup;
			children = (
				CB0D8E9F28E9742A00299BF4 /* ForecastView.swift */,
				CBE7DF5928E85D89000969AE /* DayView.swift */,
			);
			path = Forecast;
			sourceTree = "<group>";
		};
		CB24131028EB841C007CCD13 /* CountriesCities */ = {
			isa = PBXGroup;
			children = (
				CB24131528EB8551007CCD13 /* JsonManager.swift */,
				CB24131128EB843A007CCD13 /* CountriesCities.swift */,
				CB24131328EB84C5007CCD13 /* CountriesCities.Json */,
			);
			path = CountriesCities;
			sourceTree = "<group>";
		};
		CBC3052428E87FA000956E9A /* Views */ = {
			isa = PBXGroup;
			children = (
				CB37576C28EA20B10066284E /* AsyncImageView.swift */,
				CBE7DF5728E853D2000969AE /* MainView.swift */,
				CBC3052028E8728700956E9A /* BackGroundView.swift */,
				CBC3053628E911FB00956E9A /* CurrentWeatherView.swift */,
				CB0D8EA128E9749100299BF4 /* Forecast */,
			);
			path = Views;
			sourceTree = "<group>";
		};
		CBC3052528E87FD500956E9A /* Model */ = {
			isa = PBXGroup;
			children = (
				CB24131028EB841C007CCD13 /* CountriesCities */,
				CBC3053228E89B1C00956E9A /* CurrentWeather.swift */,
				CBC3052C28E887BB00956E9A /* AppError.swift */,
				CBC3052228E87BF100956E9A /* ForecastWeather.swift */,
				CB37576E28EA24F50066284E /* WeatherStruct.swift */,
			);
			path = Model;
			sourceTree = "<group>";
		};
		CBC3052628E87FEC00956E9A /* Core Data */ = {
			isa = PBXGroup;
			children = (
				CB24132428EBB97D007CCD13 /* City+CoreDataClass.swift */,
				CB24132628EBB97D007CCD13 /* Country+CoreDataClass.swift */,
				CB24131F28EB9E40007CCD13 /* CoreDataManager.swift */,
				CB24132128EBB82F007CCD13 /* Weather.xcdatamodeld */,
			);
			path = "Core Data";
			sourceTree = "<group>";
		};
		CBC3052728E882D200956E9A /* Network */ = {
			isa = PBXGroup;
			children = (
				CBC3052A28E8878B00956E9A /* NetWorkManager.swift */,
			);
			path = Network;
			sourceTree = "<group>";
		};
		CBE7DF3828E85227000969AE = {
			isa = PBXGroup;
			children = (
				CBE7DF4328E85227000969AE /* Weather */,
				CBE7DF4228E85227000969AE /* Products */,
			);
			sourceTree = "<group>";
		};
		CBE7DF4228E85227000969AE /* Products */ = {
			isa = PBXGroup;
			children = (
				CBE7DF4128E85227000969AE /* Weather.app */,
			);
			name = Products;
			sourceTree = "<group>";
		};
		CBE7DF4328E85227000969AE /* Weather */ = {
			isa = PBXGroup;
			children = (
				CBC3052728E882D200956E9A /* Network */,
				CBC3052628E87FEC00956E9A /* Core Data */,
				CBC3052528E87FD500956E9A /* Model */,
				CBC3052428E87FA000956E9A /* Views */,
				CBE7DF4428E85227000969AE /* WeatherApp.swift */,
				CBE7DF4828E85228000969AE /* Assets.xcassets */,
				CBE7DF4A28E85228000969AE /* Preview Content */,
			);
			path = Weather;
			sourceTree = "<group>";
		};
		CBE7DF4A28E85228000969AE /* Preview Content */ = {
			isa = PBXGroup;
			children = (
				CBE7DF4B28E85228000969AE /* Preview Assets.xcassets */,
			);
			path = "Preview Content";
			sourceTree = "<group>";
		};
/* End PBXGroup section */

/* Begin PBXNativeTarget section */
		CBE7DF4028E85227000969AE /* Weather */ = {
			isa = PBXNativeTarget;
			buildConfigurationList = CBE7DF5428E85228000969AE /* Build configuration list for PBXNativeTarget "Weather" */;
			buildPhases = (
				CBE7DF3D28E85227000969AE /* Sources */,
				CBE7DF3E28E85227000969AE /* Frameworks */,
				CBE7DF3F28E85227000969AE /* Resources */,
			);
			buildRules = (
			);
			dependencies = (
			);
			name = Weather;
			productName = Weather;
			productReference = CBE7DF4128E85227000969AE /* Weather.app */;
			productType = "com.apple.product-type.application";
		};
/* End PBXNativeTarget section */

/* Begin PBXProject section */
		CBE7DF3928E85227000969AE /* Project object */ = {
			isa = PBXProject;
			attributes = {
				BuildIndependentTargetsInParallel = 1;
				LastSwiftUpdateCheck = 1400;
				LastUpgradeCheck = 1400;
				TargetAttributes = {
					CBE7DF4028E85227000969AE = {
						CreatedOnToolsVersion = 14.0.1;
					};
				};
			};
			buildConfigurationList = CBE7DF3C28E85227000969AE /* Build configuration list for PBXProject "Weather" */;
			compatibilityVersion = "Xcode 14.0";
			developmentRegion = en;
			hasScannedForEncodings = 0;
			knownRegions = (
				en,
				Base,
			);
			mainGroup = CBE7DF3828E85227000969AE;
			productRefGroup = CBE7DF4228E85227000969AE /* Products */;
			projectDirPath = "";
			projectRoot = "";
			targets = (
				CBE7DF4028E85227000969AE /* Weather */,
			);
		};
/* End PBXProject section */

/* Begin PBXResourcesBuildPhase section */
		CBE7DF3F28E85227000969AE /* Resources */ = {
			isa = PBXResourcesBuildPhase;
			buildActionMask = 2147483647;
			files = (
				CBE7DF4C28E85228000969AE /* Preview Assets.xcassets in Resources */,
				CB24131428EB84C5007CCD13 /* CountriesCities.Json in Resources */,
				CBE7DF4928E85228000969AE /* Assets.xcassets in Resources */,
			);
			runOnlyForDeploymentPostprocessing = 0;
		};
/* End PBXResourcesBuildPhase section */

/* Begin PBXSourcesBuildPhase section */
		CBE7DF3D28E85227000969AE /* Sources */ = {
			isa = PBXSourcesBuildPhase;
			buildActionMask = 2147483647;
			files = (
				CBC3052B28E8878B00956E9A /* NetWorkManager.swift in Sources */,
				CB24132828EBB97D007CCD13 /* City+CoreDataClass.swift in Sources */,
				CBE7DF5A28E85D89000969AE /* DayView.swift in Sources */,
				CB0D8EA028E9742A00299BF4 /* ForecastView.swift in Sources */,
				CBC3053328E89B1C00956E9A /* CurrentWeather.swift in Sources */,
				CB24132028EB9E40007CCD13 /* CoreDataManager.swift in Sources */,
				CBC3052128E8728700956E9A /* BackGroundView.swift in Sources */,
				CBC3052328E87BF100956E9A /* ForecastWeather.swift in Sources */,
				CBE7DF5828E853D2000969AE /* MainView.swift in Sources */,
				CB24132A28EBB97D007CCD13 /* Country+CoreDataClass.swift in Sources */,
				CB37576D28EA20B10066284E /* AsyncImageView.swift in Sources */,
				CB24131628EB8551007CCD13 /* JsonManager.swift in Sources */,
				CBC3052D28E887BB00956E9A /* AppError.swift in Sources */,
				CB37576F28EA24F50066284E /* WeatherStruct.swift in Sources */,
				CB24132328EBB82F007CCD13 /* Weather.xcdatamodeld in Sources */,
				CB24131228EB843A007CCD13 /* CountriesCities.swift in Sources */,
				CBC3053728E911FB00956E9A /* CurrentWeatherView.swift in Sources */,
				CBE7DF4528E85227000969AE /* WeatherApp.swift in Sources */,
			);
			runOnlyForDeploymentPostprocessing = 0;
		};
/* End PBXSourcesBuildPhase section */

/* Begin XCBuildConfiguration section */
		CBE7DF5228E85228000969AE /* Debug */ = {
			isa = XCBuildConfiguration;
			buildSettings = {
				ALWAYS_SEARCH_USER_PATHS = NO;
				CLANG_ANALYZER_NONNULL = YES;
				CLANG_ANALYZER_NUMBER_OBJECT_CONVERSION = YES_AGGRESSIVE;
				CLANG_CXX_LANGUAGE_STANDARD = "gnu++20";
				CLANG_ENABLE_MODULES = YES;
				CLANG_ENABLE_OBJC_ARC = YES;
				CLANG_ENABLE_OBJC_WEAK = YES;
				CLANG_WARN_BLOCK_CAPTURE_AUTORELEASING = YES;
				CLANG_WARN_BOOL_CONVERSION = YES;
				CLANG_WARN_COMMA = YES;
				CLANG_WARN_CONSTANT_CONVERSION = YES;
				CLANG_WARN_DEPRECATED_OBJC_IMPLEMENTATIONS = YES;
				CLANG_WARN_DIRECT_OBJC_ISA_USAGE = YES_ERROR;
				CLANG_WARN_DOCUMENTATION_COMMENTS = YES;
				CLANG_WARN_EMPTY_BODY = YES;
				CLANG_WARN_ENUM_CONVERSION = YES;
				CLANG_WARN_INFINITE_RECURSION = YES;
				CLANG_WARN_INT_CONVERSION = YES;
				CLANG_WARN_NON_LITERAL_NULL_CONVERSION = YES;
				CLANG_WARN_OBJC_IMPLICIT_RETAIN_SELF = YES;
				CLANG_WARN_OBJC_LITERAL_CONVERSION = YES;
				CLANG_WARN_OBJC_ROOT_CLASS = YES_ERROR;
				CLANG_WARN_QUOTED_INCLUDE_IN_FRAMEWORK_HEADER = YES;
				CLANG_WARN_RANGE_LOOP_ANALYSIS = YES;
				CLANG_WARN_STRICT_PROTOTYPES = YES;
				CLANG_WARN_SUSPICIOUS_MOVE = YES;
				CLANG_WARN_UNGUARDED_AVAILABILITY = YES_AGGRESSIVE;
				CLANG_WARN_UNREACHABLE_CODE = YES;
				CLANG_WARN__DUPLICATE_METHOD_MATCH = YES;
				COPY_PHASE_STRIP = NO;
				DEBUG_INFORMATION_FORMAT = dwarf;
				ENABLE_STRICT_OBJC_MSGSEND = YES;
				ENABLE_TESTABILITY = YES;
				GCC_C_LANGUAGE_STANDARD = gnu11;
				GCC_DYNAMIC_NO_PIC = NO;
				GCC_NO_COMMON_BLOCKS = YES;
				GCC_OPTIMIZATION_LEVEL = 0;
				GCC_PREPROCESSOR_DEFINITIONS = (
					"DEBUG=1",
					"$(inherited)",
				);
				GCC_WARN_64_TO_32_BIT_CONVERSION = YES;
				GCC_WARN_ABOUT_RETURN_TYPE = YES_ERROR;
				GCC_WARN_UNDECLARED_SELECTOR = YES;
				GCC_WARN_UNINITIALIZED_AUTOS = YES_AGGRESSIVE;
				GCC_WARN_UNUSED_FUNCTION = YES;
				GCC_WARN_UNUSED_VARIABLE = YES;
				IPHONEOS_DEPLOYMENT_TARGET = 16.0;
				MTL_ENABLE_DEBUG_INFO = INCLUDE_SOURCE;
				MTL_FAST_MATH = YES;
				ONLY_ACTIVE_ARCH = YES;
				SDKROOT = iphoneos;
				SWIFT_ACTIVE_COMPILATION_CONDITIONS = DEBUG;
				SWIFT_OPTIMIZATION_LEVEL = "-Onone";
			};
			name = Debug;
		};
		CBE7DF5328E85228000969AE /* Release */ = {
			isa = XCBuildConfiguration;
			buildSettings = {
				ALWAYS_SEARCH_USER_PATHS = NO;
				CLANG_ANALYZER_NONNULL = YES;
				CLANG_ANALYZER_NUMBER_OBJECT_CONVERSION = YES_AGGRESSIVE;
				CLANG_CXX_LANGUAGE_STANDARD = "gnu++20";
				CLANG_ENABLE_MODULES = YES;
				CLANG_ENABLE_OBJC_ARC = YES;
				CLANG_ENABLE_OBJC_WEAK = YES;
				CLANG_WARN_BLOCK_CAPTURE_AUTORELEASING = YES;
				CLANG_WARN_BOOL_CONVERSION = YES;
				CLANG_WARN_COMMA = YES;
				CLANG_WARN_CONSTANT_CONVERSION = YES;
				CLANG_WARN_DEPRECATED_OBJC_IMPLEMENTATIONS = YES;
				CLANG_WARN_DIRECT_OBJC_ISA_USAGE = YES_ERROR;
				CLANG_WARN_DOCUMENTATION_COMMENTS = YES;
				CLANG_WARN_EMPTY_BODY = YES;
				CLANG_WARN_ENUM_CONVERSION = YES;
				CLANG_WARN_INFINITE_RECURSION = YES;
				CLANG_WARN_INT_CONVERSION = YES;
				CLANG_WARN_NON_LITERAL_NULL_CONVERSION = YES;
				CLANG_WARN_OBJC_IMPLICIT_RETAIN_SELF = YES;
				CLANG_WARN_OBJC_LITERAL_CONVERSION = YES;
				CLANG_WARN_OBJC_ROOT_CLASS = YES_ERROR;
				CLANG_WARN_QUOTED_INCLUDE_IN_FRAMEWORK_HEADER = YES;
				CLANG_WARN_RANGE_LOOP_ANALYSIS = YES;
				CLANG_WARN_STRICT_PROTOTYPES = YES;
				CLANG_WARN_SUSPICIOUS_MOVE = YES;
				CLANG_WARN_UNGUARDED_AVAILABILITY = YES_AGGRESSIVE;
				CLANG_WARN_UNREACHABLE_CODE = YES;
				CLANG_WARN__DUPLICATE_METHOD_MATCH = YES;
				COPY_PHASE_STRIP = NO;
				DEBUG_INFORMATION_FORMAT = "dwarf-with-dsym";
				ENABLE_NS_ASSERTIONS = NO;
				ENABLE_STRICT_OBJC_MSGSEND = YES;
				GCC_C_LANGUAGE_STANDARD = gnu11;
				GCC_NO_COMMON_BLOCKS = YES;
				GCC_WARN_64_TO_32_BIT_CONVERSION = YES;
				GCC_WARN_ABOUT_RETURN_TYPE = YES_ERROR;
				GCC_WARN_UNDECLARED_SELECTOR = YES;
				GCC_WARN_UNINITIALIZED_AUTOS = YES_AGGRESSIVE;
				GCC_WARN_UNUSED_FUNCTION = YES;
				GCC_WARN_UNUSED_VARIABLE = YES;
				IPHONEOS_DEPLOYMENT_TARGET = 16.0;
				MTL_ENABLE_DEBUG_INFO = NO;
				MTL_FAST_MATH = YES;
				SDKROOT = iphoneos;
				SWIFT_COMPILATION_MODE = wholemodule;
				SWIFT_OPTIMIZATION_LEVEL = "-O";
				VALIDATE_PRODUCT = YES;
			};
			name = Release;
		};
		CBE7DF5528E85228000969AE /* Debug */ = {
			isa = XCBuildConfiguration;
			buildSettings = {
				ASSETCATALOG_COMPILER_APPICON_NAME = AppIcon;
				ASSETCATALOG_COMPILER_GLOBAL_ACCENT_COLOR_NAME = AccentColor;
				CODE_SIGN_STYLE = Automatic;
				CURRENT_PROJECT_VERSION = 1;
				DEVELOPMENT_ASSET_PATHS = "\"Weather/Preview Content\"";
				DEVELOPMENT_TEAM = 2ZCY5A8455;
				ENABLE_PREVIEWS = YES;
				GENERATE_INFOPLIST_FILE = YES;
				INFOPLIST_KEY_UIApplicationSceneManifest_Generation = YES;
				INFOPLIST_KEY_UIApplicationSupportsIndirectInputEvents = YES;
				INFOPLIST_KEY_UILaunchScreen_Generation = YES;
				INFOPLIST_KEY_UISupportedInterfaceOrientations = UIInterfaceOrientationPortrait;
				INFOPLIST_KEY_UISupportedInterfaceOrientations_iPad = "UIInterfaceOrientationLandscapeLeft UIInterfaceOrientationLandscapeRight UIInterfaceOrientationPortrait UIInterfaceOrientationPortraitUpsideDown";
				LD_RUNPATH_SEARCH_PATHS = (
					"$(inherited)",
					"@executable_path/Frameworks",
				);
				MARKETING_VERSION = 1.0;
				PRODUCT_BUNDLE_IDENTIFIER = FabioPontes.Weather;
				PRODUCT_NAME = "$(TARGET_NAME)";
				SWIFT_EMIT_LOC_STRINGS = YES;
				SWIFT_VERSION = 5.0;
				TARGETED_DEVICE_FAMILY = "1,2";
			};
			name = Debug;
		};
		CBE7DF5628E85228000969AE /* Release */ = {
			isa = XCBuildConfiguration;
			buildSettings = {
				ASSETCATALOG_COMPILER_APPICON_NAME = AppIcon;
				ASSETCATALOG_COMPILER_GLOBAL_ACCENT_COLOR_NAME = AccentColor;
				CODE_SIGN_STYLE = Automatic;
				CURRENT_PROJECT_VERSION = 1;
				DEVELOPMENT_ASSET_PATHS = "\"Weather/Preview Content\"";
				DEVELOPMENT_TEAM = 2ZCY5A8455;
				ENABLE_PREVIEWS = YES;
				GENERATE_INFOPLIST_FILE = YES;
				INFOPLIST_KEY_UIApplicationSceneManifest_Generation = YES;
				INFOPLIST_KEY_UIApplicationSupportsIndirectInputEvents = YES;
				INFOPLIST_KEY_UILaunchScreen_Generation = YES;
				INFOPLIST_KEY_UISupportedInterfaceOrientations = UIInterfaceOrientationPortrait;
				INFOPLIST_KEY_UISupportedInterfaceOrientations_iPad = "UIInterfaceOrientationLandscapeLeft UIInterfaceOrientationLandscapeRight UIInterfaceOrientationPortrait UIInterfaceOrientationPortraitUpsideDown";
				LD_RUNPATH_SEARCH_PATHS = (
					"$(inherited)",
					"@executable_path/Frameworks",
				);
				MARKETING_VERSION = 1.0;
				PRODUCT_BUNDLE_IDENTIFIER = FabioPontes.Weather;
				PRODUCT_NAME = "$(TARGET_NAME)";
				SWIFT_EMIT_LOC_STRINGS = YES;
				SWIFT_VERSION = 5.0;
				TARGETED_DEVICE_FAMILY = "1,2";
			};
			name = Release;
		};
/* End XCBuildConfiguration section */

/* Begin XCConfigurationList section */
		CBE7DF3C28E85227000969AE /* Build configuration list for PBXProject "Weather" */ = {
			isa = XCConfigurationList;
			buildConfigurations = (
				CBE7DF5228E85228000969AE /* Debug */,
				CBE7DF5328E85228000969AE /* Release */,
			);
			defaultConfigurationIsVisible = 0;
			defaultConfigurationName = Release;
		};
		CBE7DF5428E85228000969AE /* Build configuration list for PBXNativeTarget "Weather" */ = {
			isa = XCConfigurationList;
			buildConfigurations = (
				CBE7DF5528E85228000969AE /* Debug */,
				CBE7DF5628E85228000969AE /* Release */,
			);
			defaultConfigurationIsVisible = 0;
			defaultConfigurationName = Release;
		};
/* End XCConfigurationList section */

/* Begin XCVersionGroup section */
		CB24132128EBB82F007CCD13 /* Weather.xcdatamodeld */ = {
			isa = XCVersionGroup;
			children = (
				CB24132228EBB82F007CCD13 /* Weather.xcdatamodel */,
			);
			currentVersion = CB24132228EBB82F007CCD13 /* Weather.xcdatamodel */;
			path = Weather.xcdatamodeld;
			sourceTree = "<group>";
			versionGroupType = wrapper.xcdatamodel;
		};
/* End XCVersionGroup section */
	};
	rootObject = CBE7DF3928E85227000969AE /* Project object */;
}
